GIT
  remote: git://github.com/jeremytregunna/zmqmachine.git
  revision: fb39523eafa41127d3042f2bbe65c92fc451d412
  specs:
    zmqmachine (0.4.0)
      ffi-rzmq (>= 0.7.0)

GEM
  remote: http://rubygems.org/
  specs:
    beanstalk-client (1.1.0)
    daemons (1.0.10)
    diff-lcs (1.1.2)
    ffi (1.0.7)
      rake (>= 0.8.7)
    ffi-rzmq (0.8.0)
    rake (0.8.7)
    rspec (2.3.0)
      rspec-core (~> 2.3.0)
      rspec-expectations (~> 2.3.0)
      rspec-mocks (~> 2.3.0)
    rspec-core (2.3.1)
    rspec-expectations (2.3.0)
      diff-lcs (~> 1.1.2)
    rspec-mocks (2.3.0)
    yajl-ruby (0.8.1)

PLATFORMS
  ruby

DEPENDENCIES
  beanstalk-client
  daemons
  ffi
  ffi-rzmq
  rspec
  yajl-ruby
  zmqmachine!
